# THIS IS AN AUTOGENERATED FILE. DO NOT EDIT THIS FILE DIRECTLY.
# yarn lockfile v1


"@types/events@^3.0.0":
  version "3.0.0"
  resolved "https://registry.yarnpkg.com/@types/events/-/events-3.0.0.tgz#2862f3f58a9a7f7c3e78d79f130dd4d71c25c2a7"
  integrity sha512-EaObqwIvayI5a8dCzhFrjKzVwKLxjoG9T6Ppd5CEo07LRKfQ8Yokw54r5+Wq7FaBQ+yXRvQAYPrHwya1/UFt9g==

autoprefixer@^10.4.2:
  version "10.4.2"
  resolved "https://registry.yarnpkg.com/autoprefixer/-/autoprefixer-10.4.2.tgz#25e1df09a31a9fba5c40b578936b90d35c9d4d3b"
  integrity sha512-9fOPpHKuDW1w/0EKfRmVnxTDt8166MAnLI3mgZ1JCnhNtYWxcJ6Ud5CO/AVOZi/AvFa8DY9RTy3h3+tFBlrrdQ==
  dependencies:
    browserslist "^4.19.1"
    caniuse-lite "^1.0.30001297"
    fraction.js "^4.1.2"
    normalize-range "^0.1.2"
    picocolors "^1.0.0"
    postcss-value-parser "^4.2.0"

browserslist@^4.19.1:
  version "4.19.1"
  resolved "https://registry.yarnpkg.com/browserslist/-/browserslist-4.19.1.tgz#4ac0435b35ab655896c31d53018b6dd5e9e4c9a3"
  integrity sha512-u2tbbG5PdKRTUoctO3NBD8FQ5HdPh1ZXPHzp1rwaa5jTc+RV9/+RlWiAIKmjRPQF+xbGM9Kklj5bZQFa2s/38A==
  dependencies:
    caniuse-lite "^1.0.30001286"
    electron-to-chromium "^1.4.17"
    escalade "^3.1.1"
    node-releases "^2.0.1"
    picocolors "^1.0.0"

caniuse-lite@^1.0.30001286, caniuse-lite@^1.0.30001297:
  version "1.0.30001300"
  resolved "https://registry.yarnpkg.com/caniuse-lite/-/caniuse-lite-1.0.30001300.tgz#11ab6c57d3eb6f964cba950401fd00a146786468"
  integrity sha512-cVjiJHWGcNlJi8TZVKNMnvMid3Z3TTdDHmLDzlOdIiZq138Exvo0G+G0wTdVYolxKb4AYwC+38pxodiInVtJSA==

electron-to-chromium@^1.4.17:
  version "1.4.46"
  resolved "https://registry.yarnpkg.com/electron-to-chromium/-/electron-to-chromium-1.4.46.tgz#c88a6fedc766589826db0481602a888864ade1ca"
  integrity sha512-UtV0xUA/dibCKKP2JMxOpDtXR74zABevuUEH4K0tvduFSIoxRVcYmQsbB51kXsFTX8MmOyWMt8tuZAlmDOqkrQ==

escalade@^3.1.1:
  version "3.1.1"
  resolved "https://registry.yarnpkg.com/escalade/-/escalade-3.1.1.tgz#d8cfdc7000965c5a0174b4a82eaa5c0552742e40"
  integrity sha512-k0er2gUkLf8O0zKJiAhmkTnJlTvINGv7ygDNPbeIsX/TJjGJZHuh9B2UxbsaEkmlEo9MfhrSzmhIlhRlI2GXnw==

events@^3.3.0:
  version "3.3.0"
  resolved "https://registry.yarnpkg.com/events/-/events-3.3.0.tgz#31a95ad0a924e2d2c419a813aeb2c4e878ea7400"
  integrity sha512-mQw+2fkQbALzQ7V0MY0IqdnXNOeTtP4r0lN9z7AAawCXgqea7bDii20AYrIBrFd/Hx0M2Ocz6S111CaFkUcb0Q==

fraction.js@^4.1.2:
  version "4.1.2"
  resolved "https://registry.yarnpkg.com/fraction.js/-/fraction.js-4.1.2.tgz#13e420a92422b6cf244dff8690ed89401029fbe8"
  integrity sha512-o2RiJQ6DZaR/5+Si0qJUIy637QMRudSi9kU/FFzx9EZazrIdnBgpU+3sEWCxAVhH2RtxW2Oz+T4p2o8uOPVcgA==

node-releases@^2.0.1:
  version "2.0.1"
  resolved "https://registry.yarnpkg.com/node-releases/-/node-releases-2.0.1.tgz#3d1d395f204f1f2f29a54358b9fb678765ad2fc5"
  integrity sha512-CqyzN6z7Q6aMeF/ktcMVTzhAHCEpf8SOarwpzpf8pNBY2k5/oM34UHldUwp8VKI7uxct2HxSRdJjBaZeESzcxA==

normalize-range@^0.1.2:
  version "0.1.2"
  resolved "https://registry.yarnpkg.com/normalize-range/-/normalize-range-0.1.2.tgz#2d10c06bdfd312ea9777695a4d28439456b75942"
  integrity sha1-LRDAa9/TEuqXd2laTShDlFa3WUI=

picocolors@^1.0.0:
  version "1.0.0"
  resolved "https://registry.yarnpkg.com/picocolors/-/picocolors-1.0.0.tgz#cb5bdc74ff3f51892236eaf79d68bc44564ab81c"
  integrity sha512-1fygroTLlHu66zi26VoTDv8yRgm0Fccecssto+MhsZ0D/DGW2sm8E8AjW7NU5VVTRt5GxbeZ5qBuJr+HyLYkjQ==

postcss-value-parser@^4.2.0:
  version "4.2.0"
  resolved "https://registry.yarnpkg.com/postcss-value-parser/-/postcss-value-parser-4.2.0.tgz#723c09920836ba6d3e5af019f92bc0971c02e514"
  integrity sha512-1NNCs6uurfkVbeXG4S8JFT9t19m45ICnif8zWLd5oPSZ50QnwMfK+H3jv408d4jw/7Bttv5axS5IiHoLaVNHeQ==
