{
  "requires": true,
  "lockfileVersion": 1,
  "dependencies": {
    "@reasonml-community/graphql-ppx": {
      "version": "1.2.0",
      "resolved": "https://registry.npmjs.org/@reasonml-community/graphql-ppx/-/graphql-ppx-1.2.0.tgz",
      "integrity": "sha512-CKTzl/DZNT0QgpKjpi0Fij2R4r9c/oT+M8mEWYnNidaLDcFX7ZfcvmJA4ZhPYXRD6AGUO3cS1zQOJZSuJHKogQ=="
    },
    "rescript-apollo-client": {
      "version": "2.0.1",
      "resolved": "https://registry.npmjs.org/rescript-apollo-client/-/rescript-apollo-client-2.0.1.tgz",
      "integrity": "sha512-1329IpMGefknnKRhtPbzcwm3KwEbfhoP2tsMlanR6QbYm3L3zFZFywSTEnJLq/SmddjI4kdsJ8mJKJNsMQ/dNw=="
    }
  }
}
