
Microsoft Visual Studio Solution File, Format Version 12.00
# Visual Studio Version 16
VisualStudioVersion = 25.0.1700.4
MinimumVisualStudioVersion = 10.0.40219.1
Project("{FAE04EC0-301F-11D3-BF4B-00C04F79EFBC}") = "TodoApp", "TodoApp.csproj", "{9E1B22EC-E9F8-469E-AAF8-ED042C7A3125}"
EndProject
Global
	GlobalSection(SolutionConfigurationPlatforms) = preSolution
		Debug|Any CPU = Debug|Any CPU
		Release|Any CPU = Release|Any CPU
	EndGlobalSection
	GlobalSection(ProjectConfigurationPlatforms) = postSolution
		{9E1B22EC-E9F8-469E-AAF8-ED042C7A3125}.Debug|Any CPU.ActiveCfg = Debug|Any CPU
		{9E1B22EC-E9F8-469E-AAF8-ED042C7A3125}.Debug|Any CPU.Build.0 = Debug|Any CPU
		{9E1B22EC-E9F8-469E-AAF8-ED042C7A3125}.Release|Any CPU.ActiveCfg = Release|Any CPU
		{9E1B22EC-E9F8-469E-AAF8-ED042C7A3125}.Release|Any CPU.Build.0 = Release|Any CPU
	EndGlobalSection
	GlobalSection(SolutionProperties) = preSolution
		HideSolutionNode = FALSE
	EndGlobalSection
	GlobalSection(ExtensibilityGlobals) = postSolution
		SolutionGuid = {9C1DC94D-0B00-4B0D-A95A-3D16BD95529F}
	EndGlobalSection
EndGlobal
